
Microsoft Visual Studio Solution File, Format Version 12.00
# Visual Studio Version 16
VisualStudioVersion = 16.0.30011.22
MinimumVisualStudioVersion = 10.0.40219.1
Project("{FAE04EC0-301F-11D3-BF4B-00C04F79EFBC}") = "WrapAutoMarketPlace", "WrapAutoMarketPlace.csproj", "{E9B7D3B9-C500-403C-A550-289F35B98CBC}"
EndProject
Global
	GlobalSection(SolutionConfigurationPlatforms) = preSolution
		Debug|Any CPU = Debug|Any CPU
		Release|Any CPU = Release|Any CPU
	EndGlobalSection
	GlobalSection(ProjectConfigurationPlatforms) = postSolution
		{E9B7D3B9-C500-403C-A550-289F35B98CBC}.Debug|Any CPU.ActiveCfg = Debug|Any CPU
		{E9B7D3B9-C500-403C-A550-289F35B98CBC}.Debug|Any CPU.Build.0 = Debug|Any CPU
		{E9B7D3B9-C500-403C-A550-289F35B98CBC}.Release|Any CPU.ActiveCfg = Release|Any CPU
		{E9B7D3B9-C500-403C-A550-289F35B98CBC}.Release|Any CPU.Build.0 = Release|Any CPU
	EndGlobalSection
	GlobalSection(SolutionProperties) = preSolution
		HideSolutionNode = FALSE
	EndGlobalSection
	GlobalSection(ExtensibilityGlobals) = postSolution
		SolutionGuid = {7E5DBC53-2462-46F0-BADB-BF00FC79968E}
	EndGlobalSection
EndGlobal
